<?xml version="1.0" encoding="utf-8"?>
<Project ToolsVersion="4.0" xmlns="http://schemas.microsoft.com/developer/msbuild/2003">
  <ItemGroup>
    <ClCompile Include="pch.cpp" />
    <ClCompile Include="$(MSBuildThisFileDirectory)..\..\lib\native\src\gtest\gtest-all.cc" />
    <ClCompile Include="$(MSBuildThisFileDirectory)..\..\lib\native\src\gmock\gmock-all.cc" />
    <ClCompile Include="..\windows-runtime\App\App.cpp">
      <Filter>Dependencies</Filter>
    </ClCompile>
    <ClCompile Include="..\windows-runtime\Graphics\DirectXDevice.cpp">
      <Filter>Dependencies</Filter>
    </ClCompile>
    <ClCompile Include="Tests\DeviceFactoryTests.cpp">
      <Filter>Tests</Filter>
    </ClCompile>
    <ClCompile Include="..\packages\gmock.1.10.0\lib\native\src\gtest\src\gtest_main.cc" />
    <ClCompile Include="Tests\AppTests.cpp">
      <Filter>Tests</Filter>
    </ClCompile>
    <ClCompile Include="..\windows-runtime\Graphics\DirectXDeviceFactoryImpl.cpp">
      <Filter>Dependencies</Filter>
    </ClCompile>
  </ItemGroup>
  <ItemGroup>
    <ClInclude Include="pch.h" />
    <ClInclude Include="Tests\DirectXProxyMock.h">
      <Filter>Tests</Filter>
    </ClInclude>
    <ClInclude Include="Tests\pch.h">
      <Filter>Tests</Filter>
    </ClInclude>
    <ClInclude Include="Tests\ID3D11Device3Mock.h">
      <Filter>Tests</Filter>
    </ClInclude>
  </ItemGroup>
  <ItemGroup>
    <None Include="packages.config" />
  </ItemGroup>
  <ItemGroup>
    <Filter Include="Dependencies">
      <UniqueIdentifier>{640a87c8-a9c7-46f7-9fb6-6263fee6b5be}</UniqueIdentifier>
    </Filter>
    <Filter Include="Tests">
      <UniqueIdentifier>{42a4f75b-8cdd-4153-95e1-76c769f54456}</UniqueIdentifier>
    </Filter>
  </ItemGroup>
</Project>