<?xml version="1.0" encoding="utf-8"?>
<Project ToolsVersion="4.0" xmlns="http://schemas.microsoft.com/developer/msbuild/2003">
  <ItemGroup>
    <ClCompile Include="main.cpp" />
    <ClCompile Include="pch.cpp" />
    <ClCompile Include="App\App.cpp">
      <Filter>App</Filter>
    </ClCompile>
    <ClCompile Include="App\AppAdapter.cpp">
      <Filter>App</Filter>
    </ClCompile>
    <ClCompile Include="Graphics\GraphicsFacade.cpp">
      <Filter>Graphics</Filter>
    </ClCompile>
    <ClCompile Include="Graphics\GraphicsLibraryImpl.cpp">
      <Filter>Graphics</Filter>
    </ClCompile>
  </ItemGroup>
  <ItemGroup>
    <ClInclude Include="pch.h" />
    <ClInclude Include="App\App.h">
      <Filter>App</Filter>
    </ClInclude>
    <ClInclude Include="App\AppAdapter.h">
      <Filter>App</Filter>
    </ClInclude>
    <ClInclude Include="Graphics\GraphicsFacade.h">
      <Filter>Graphics</Filter>
    </ClInclude>
    <ClInclude Include="Graphics\GraphicsLibrary.h">
      <Filter>Graphics</Filter>
    </ClInclude>
    <ClInclude Include="Graphics\GraphicsLibraryImpl.h">
      <Filter>Graphics</Filter>
    </ClInclude>
  </ItemGroup>
  <ItemGroup>
    <Image Include="Assets\LockScreenLogo.scale-200.png" />
    <Image Include="Assets\SplashScreen.scale-200.png" />
    <Image Include="Assets\Square150x150Logo.scale-200.png" />
    <Image Include="Assets\Square44x44Logo.scale-200.png" />
    <Image Include="Assets\Square44x44Logo.targetsize-24_altform-unplated.png" />
    <Image Include="Assets\StoreLogo.png" />
    <Image Include="Assets\Wide310x150Logo.scale-200.png" />
  </ItemGroup>
  <ItemGroup>
    <AppxManifest Include="Package.appxmanifest" />
  </ItemGroup>
  <ItemGroup>
    <None Include="packages.config" />
    <None Include="PropertySheet.props" />
  </ItemGroup>
  <ItemGroup>
    <Text Include="readme.txt" />
  </ItemGroup>
  <ItemGroup>
    <Filter Include="App">
      <UniqueIdentifier>{135d7678-b246-4fd1-88dd-b009cd507e1b}</UniqueIdentifier>
    </Filter>
    <Filter Include="Graphics">
      <UniqueIdentifier>{0a186494-6204-4f56-bcdb-615c2de757ec}</UniqueIdentifier>
    </Filter>
  </ItemGroup>
</Project>