<?xml version="1.0" encoding="utf-8"?>
<Project ToolsVersion="4.0" xmlns="http://schemas.microsoft.com/developer/msbuild/2003">
  <ItemGroup>
    <ClCompile Include="main.cpp" />
    <ClCompile Include="pch.cpp" />
    <ClCompile Include="App\App.cpp">
      <Filter>App</Filter>
    </ClCompile>
    <ClCompile Include="App\AppAdapter.cpp">
      <Filter>App</Filter>
    </ClCompile>
    <ClCompile Include="Graphics\DirectXProxyImpl.cpp">
      <Filter>Graphics</Filter>
    </ClCompile>
    <ClCompile Include="Graphics\DirectXDevice.cpp">
      <Filter>Graphics</Filter>
    </ClCompile>
    <ClCompile Include="Graphics\DirectXDeviceFactory.cpp">
      <Filter>Graphics</Filter>
    </ClCompile>
  </ItemGroup>
  <ItemGroup>
    <ClInclude Include="pch.h" />
    <ClInclude Include="App\App.h">
      <Filter>App</Filter>
    </ClInclude>
    <ClInclude Include="App\AppAdapter.h">
      <Filter>App</Filter>
    </ClInclude>
    <ClInclude Include="Graphics\DirectXProxy.h">
      <Filter>Graphics</Filter>
    </ClInclude>
    <ClInclude Include="Graphics\DirectXProxyImpl.h">
      <Filter>Graphics</Filter>
    </ClInclude>
    <ClInclude Include="Graphics\DirectXDevice.h">
      <Filter>Graphics</Filter>
    </ClInclude>
    <ClInclude Include="Graphics\DirectXDeviceFactory.h">
      <Filter>Graphics</Filter>
    </ClInclude>
  </ItemGroup>
  <ItemGroup>
    <Image Include="Assets\SplashScreen.scale-200.png">
      <Filter>Assets</Filter>
    </Image>
    <Image Include="Assets\Square44x44Logo.scale-200.png">
      <Filter>Assets</Filter>
    </Image>
    <Image Include="Assets\Square44x44Logo.targetsize-24_altform-unplated.png">
      <Filter>Assets</Filter>
    </Image>
    <Image Include="Assets\Square150x150Logo.scale-200.png">
      <Filter>Assets</Filter>
    </Image>
    <Image Include="Assets\StoreLogo.png">
      <Filter>Assets</Filter>
    </Image>
    <Image Include="Assets\Wide310x150Logo.scale-200.png">
      <Filter>Assets</Filter>
    </Image>
    <Image Include="Assets\LockScreenLogo.scale-200.png">
      <Filter>Assets</Filter>
    </Image>
  </ItemGroup>
  <ItemGroup>
    <AppxManifest Include="Package.appxmanifest" />
  </ItemGroup>
  <ItemGroup>
    <None Include="packages.config" />
    <None Include="PropertySheet.props" />
  </ItemGroup>
  <ItemGroup>
    <Text Include="readme.txt" />
  </ItemGroup>
  <ItemGroup>
    <Filter Include="App">
      <UniqueIdentifier>{135d7678-b246-4fd1-88dd-b009cd507e1b}</UniqueIdentifier>
    </Filter>
    <Filter Include="Graphics">
      <UniqueIdentifier>{0a186494-6204-4f56-bcdb-615c2de757ec}</UniqueIdentifier>
    </Filter>
    <Filter Include="AssetLoader">
      <UniqueIdentifier>{39793517-eb28-4f25-979d-512647bbf2ae}</UniqueIdentifier>
    </Filter>
    <Filter Include="Assets">
      <UniqueIdentifier>{308da02d-e873-4955-abf2-00b9ef25730a}</UniqueIdentifier>
    </Filter>
    <Filter Include="Shaders">
      <UniqueIdentifier>{5d0676b3-b148-4d7e-b99e-2024cca7a4d7}</UniqueIdentifier>
    </Filter>
  </ItemGroup>
</Project>